{
    "name": "finic-tasks-boilerplate",
    "lockfileVersion": 3,
    "requires": true,
    "packages": {
        "": {
            "dependencies": {
                "@finic/playwright": "^1.49.8-next"
            }
        },
        "node_modules/@finic/playwright": {
            "version": "1.49.8-next",
            "resolved": "https://registry.npmjs.org/@finic/playwright/-/playwright-1.49.8-next.tgz",
            "integrity": "sha512-/lsemrPRgseDO5cWiTypXzddBj99ppw0ORh+BbaUh1YJ6sjgYpodwat+Gvqc1n9NhhBwcjftgDjnMgY3+eCVww==",
            "bin": {
                "playwright-core": "cli.js"
            },
            "engines": {
                "node": ">=18"
            }
        }
    }
}
